# auto-generated by grc.converter

id: finite_stream_count_items
label: Count total items
category: '[finite_stream]'

parameters:
-   id: type
    label: Type
    dtype: enum
    options: [complex, float, int, short, byte]
    option_attributes:
        size: [gr.sizeof_gr_complex, gr.sizeof_float, gr.sizeof_int, gr.sizeof_short,
            gr.sizeof_char]
    hide: part
-   id: vlen
    label: Vec Length
    dtype: int
    default: '1'
    hide: ${ 'part' if vlen == 1 else 'none' }

inputs:
-   domain: stream
    dtype: ${ type }
    vlen: ${ vlen }

outputs:
-   domain: stream
    dtype: int

templates:
    imports: import finite_stream
    make: finite_stream.count_items(${type.size}*${vlen})

file_format: 1
